
Microsoft Visual Studio Solution File, Format Version 12.00
# Visual Studio Version 16
VisualStudioVersion = 16.0.31424.327
MinimumVisualStudioVersion = 10.0.40219.1
Project("{F184B08F-C81C-45F6-A57F-5ABD9991F28F}") = "WebApplication1", "WebApplication1\WebApplication1.vbproj", "{1AFCF3A6-EBDA-42D0-BDD1-FBBCDE7303B2}"
EndProject
Global
	GlobalSection(SolutionConfigurationPlatforms) = preSolution
		Debug|Any CPU = Debug|Any CPU
		Release|Any CPU = Release|Any CPU
	EndGlobalSection
	GlobalSection(ProjectConfigurationPlatforms) = postSolution
		{1AFCF3A6-EBDA-42D0-BDD1-FBBCDE7303B2}.Debug|Any CPU.ActiveCfg = Debug|Any CPU
		{1AFCF3A6-EBDA-42D0-BDD1-FBBCDE7303B2}.Debug|Any CPU.Build.0 = Debug|Any CPU
		{1AFCF3A6-EBDA-42D0-BDD1-FBBCDE7303B2}.Release|Any CPU.ActiveCfg = Release|Any CPU
		{1AFCF3A6-EBDA-42D0-BDD1-FBBCDE7303B2}.Release|Any CPU.Build.0 = Release|Any CPU
	EndGlobalSection
	GlobalSection(SolutionProperties) = preSolution
		HideSolutionNode = FALSE
	EndGlobalSection
	GlobalSection(ExtensibilityGlobals) = postSolution
		SolutionGuid = {314293BD-EBE5-4435-B00C-1E03FD9F1A5C}
	EndGlobalSection
EndGlobal
